// !$*UTF8*$!
{
	archiveVersion = 1;
	classes = {
	};
	objectVersion = 46;
	objects = {

/* Begin PBXBuildFile section */
		683E4BBED4D8D94C6BB13492 /* libPods-SLMultiDownLoadManager.a in Frameworks */ = {isa = PBXBuildFile; fileRef = FFFA7ACF2DF17AF30D7E9E82 /* libPods-SLMultiDownLoadManager.a */; };
		7124D30D1D5C8E170054EC0B /* DownLoadTools.m in Sources */ = {isa = PBXBuildFile; fileRef = 7124D30C1D5C8E170054EC0B /* DownLoadTools.m */; };
		718279111D51DA6D009E5C86 /* main.m in Sources */ = {isa = PBXBuildFile; fileRef = 718279101D51DA6D009E5C86 /* main.m */; };
		718279141D51DA6D009E5C86 /* AppDelegate.m in Sources */ = {isa = PBXBuildFile; fileRef = 718279131D51DA6D009E5C86 /* AppDelegate.m */; };
		718279171D51DA6D009E5C86 /* ViewController.m in Sources */ = {isa = PBXBuildFile; fileRef = 718279161D51DA6D009E5C86 /* ViewController.m */; };
		7182791A1D51DA6D009E5C86 /* Main.storyboard in Resources */ = {isa = PBXBuildFile; fileRef = 718279181D51DA6D009E5C86 /* Main.storyboard */; };
		7182791C1D51DA6D009E5C86 /* Assets.xcassets in Resources */ = {isa = PBXBuildFile; fileRef = 7182791B1D51DA6D009E5C86 /* Assets.xcassets */; };
		7182791F1D51DA6D009E5C86 /* LaunchScreen.storyboard in Resources */ = {isa = PBXBuildFile; fileRef = 7182791D1D51DA6D009E5C86 /* LaunchScreen.storyboard */; };
		7182792A1D51DA6D009E5C86 /* SLMultiDownLoadManagerTests.m in Sources */ = {isa = PBXBuildFile; fileRef = 718279291D51DA6D009E5C86 /* SLMultiDownLoadManagerTests.m */; };
		718279351D51DA6D009E5C86 /* SLMultiDownLoadManagerUITests.m in Sources */ = {isa = PBXBuildFile; fileRef = 718279341D51DA6D009E5C86 /* SLMultiDownLoadManagerUITests.m */; };
		71EE711E1D572AB30052EBA5 /* SLMultiDownLoad.gif in Resources */ = {isa = PBXBuildFile; fileRef = 71EE711D1D572AB30052EBA5 /* SLMultiDownLoad.gif */; };
		71F432121D5425C900C7574C /* tmp.png in Resources */ = {isa = PBXBuildFile; fileRef = 71F432111D5425C900C7574C /* tmp.png */; };
		71F44F361D531F7F00BF6DB0 /* SLDownLoadModel.m in Sources */ = {isa = PBXBuildFile; fileRef = 71F44F2B1D531F7F00BF6DB0 /* SLDownLoadModel.m */; };
		71F44F371D531F7F00BF6DB0 /* SLDownLoadQueue.m in Sources */ = {isa = PBXBuildFile; fileRef = 71F44F2D1D531F7F00BF6DB0 /* SLDownLoadQueue.m */; };
		71F44F381D531F7F00BF6DB0 /* SLFileManager.m in Sources */ = {isa = PBXBuildFile; fileRef = 71F44F2F1D531F7F00BF6DB0 /* SLFileManager.m */; };
		71F44F391D531F7F00BF6DB0 /* SLSessionManager.m in Sources */ = {isa = PBXBuildFile; fileRef = 71F44F311D531F7F00BF6DB0 /* SLSessionManager.m */; };
		71F44F3C1D531FAB00BF6DB0 /* DownloadViewController.m in Sources */ = {isa = PBXBuildFile; fileRef = 71F44F3B1D531FAB00BF6DB0 /* DownloadViewController.m */; };
		71F44F3F1D531FF400BF6DB0 /* DownLoadingTableView.m in Sources */ = {isa = PBXBuildFile; fileRef = 71F44F3E1D531FF400BF6DB0 /* DownLoadingTableView.m */; };
		71F44F451D53228D00BF6DB0 /* DownLoadingTableViewCell.m in Sources */ = {isa = PBXBuildFile; fileRef = 71F44F441D53228D00BF6DB0 /* DownLoadingTableViewCell.m */; };
/* End PBXBuildFile section */

/* Begin PBXContainerItemProxy section */
		718279261D51DA6D009E5C86 /* PBXContainerItemProxy */ = {
			isa = PBXContainerItemProxy;
			containerPortal = 718279041D51DA6D009E5C86 /* Project object */;
			proxyType = 1;
			remoteGlobalIDString = 7182790B1D51DA6D009E5C86;
			remoteInfo = SLMultiDownLoadManager;
		};
		718279311D51DA6D009E5C86 /* PBXContainerItemProxy */ = {
			isa = PBXContainerItemProxy;
			containerPortal = 718279041D51DA6D009E5C86 /* Project object */;
			proxyType = 1;
			remoteGlobalIDString = 7182790B1D51DA6D009E5C86;
			remoteInfo = SLMultiDownLoadManager;
		};
/* End PBXContainerItemProxy section */

/* Begin PBXFileReference section */
		061E4D78E85254152C72C857 /* Pods-SLMultiDownLoadManager.debug.xcconfig */ = {isa = PBXFileReference; includeInIndex = 1; lastKnownFileType = text.xcconfig; name = "Pods-SLMultiDownLoadManager.debug.xcconfig"; path = "Pods/Target Support Files/Pods-SLMultiDownLoadManager/Pods-SLMultiDownLoadManager.debug.xcconfig"; sourceTree = "<group>"; };
		7124D30B1D5C8E170054EC0B /* DownLoadTools.h */ = {isa = PBXFileReference; fileEncoding = 4; lastKnownFileType = sourcecode.c.h; path = DownLoadTools.h; sourceTree = "<group>"; };
		7124D30C1D5C8E170054EC0B /* DownLoadTools.m */ = {isa = PBXFileReference; fileEncoding = 4; lastKnownFileType = sourcecode.c.objc; path = DownLoadTools.m; sourceTree = "<group>"; };
		7182790C1D51DA6D009E5C86 /* SLMultiDownLoadManager.app */ = {isa = PBXFileReference; explicitFileType = wrapper.application; includeInIndex = 0; path = SLMultiDownLoadManager.app; sourceTree = BUILT_PRODUCTS_DIR; };
		718279101D51DA6D009E5C86 /* main.m */ = {isa = PBXFileReference; lastKnownFileType = sourcecode.c.objc; path = main.m; sourceTree = "<group>"; };
		718279121D51DA6D009E5C86 /* AppDelegate.h */ = {isa = PBXFileReference; lastKnownFileType = sourcecode.c.h; path = AppDelegate.h; sourceTree = "<group>"; };
		718279131D51DA6D009E5C86 /* AppDelegate.m */ = {isa = PBXFileReference; lastKnownFileType = sourcecode.c.objc; path = AppDelegate.m; sourceTree = "<group>"; };
		718279151D51DA6D009E5C86 /* ViewController.h */ = {isa = PBXFileReference; lastKnownFileType = sourcecode.c.h; path = ViewController.h; sourceTree = "<group>"; };
		718279161D51DA6D009E5C86 /* ViewController.m */ = {isa = PBXFileReference; lastKnownFileType = sourcecode.c.objc; path = ViewController.m; sourceTree = "<group>"; };
		718279191D51DA6D009E5C86 /* Base */ = {isa = PBXFileReference; lastKnownFileType = file.storyboard; name = Base; path = Base.lproj/Main.storyboard; sourceTree = "<group>"; };
		7182791B1D51DA6D009E5C86 /* Assets.xcassets */ = {isa = PBXFileReference; lastKnownFileType = folder.assetcatalog; path = Assets.xcassets; sourceTree = "<group>"; };
		7182791E1D51DA6D009E5C86 /* Base */ = {isa = PBXFileReference; lastKnownFileType = file.storyboard; name = Base; path = Base.lproj/LaunchScreen.storyboard; sourceTree = "<group>"; };
		718279201D51DA6D009E5C86 /* Info.plist */ = {isa = PBXFileReference; lastKnownFileType = text.plist.xml; path = Info.plist; sourceTree = "<group>"; };
		718279251D51DA6D009E5C86 /* SLMultiDownLoadManagerTests.xctest */ = {isa = PBXFileReference; explicitFileType = wrapper.cfbundle; includeInIndex = 0; path = SLMultiDownLoadManagerTests.xctest; sourceTree = BUILT_PRODUCTS_DIR; };
		718279291D51DA6D009E5C86 /* SLMultiDownLoadManagerTests.m */ = {isa = PBXFileReference; lastKnownFileType = sourcecode.c.objc; path = SLMultiDownLoadManagerTests.m; sourceTree = "<group>"; };
		7182792B1D51DA6D009E5C86 /* Info.plist */ = {isa = PBXFileReference; lastKnownFileType = text.plist.xml; path = Info.plist; sourceTree = "<group>"; };
		718279301D51DA6D009E5C86 /* SLMultiDownLoadManagerUITests.xctest */ = {isa = PBXFileReference; explicitFileType = wrapper.cfbundle; includeInIndex = 0; path = SLMultiDownLoadManagerUITests.xctest; sourceTree = BUILT_PRODUCTS_DIR; };
		718279341D51DA6D009E5C86 /* SLMultiDownLoadManagerUITests.m */ = {isa = PBXFileReference; lastKnownFileType = sourcecode.c.objc; path = SLMultiDownLoadManagerUITests.m; sourceTree = "<group>"; };
		718279361D51DA6D009E5C86 /* Info.plist */ = {isa = PBXFileReference; lastKnownFileType = text.plist.xml; path = Info.plist; sourceTree = "<group>"; };
		71EE711D1D572AB30052EBA5 /* SLMultiDownLoad.gif */ = {isa = PBXFileReference; lastKnownFileType = image.gif; path = SLMultiDownLoad.gif; sourceTree = "<group>"; };
		71F432111D5425C900C7574C /* tmp.png */ = {isa = PBXFileReference; lastKnownFileType = image.png; path = tmp.png; sourceTree = "<group>"; };
		71F44F291D531F7F00BF6DB0 /* DownLoadHeader.h */ = {isa = PBXFileReference; fileEncoding = 4; lastKnownFileType = sourcecode.c.h; path = DownLoadHeader.h; sourceTree = "<group>"; };
		71F44F2A1D531F7F00BF6DB0 /* SLDownLoadModel.h */ = {isa = PBXFileReference; fileEncoding = 4; lastKnownFileType = sourcecode.c.h; path = SLDownLoadModel.h; sourceTree = "<group>"; };
		71F44F2B1D531F7F00BF6DB0 /* SLDownLoadModel.m */ = {isa = PBXFileReference; fileEncoding = 4; lastKnownFileType = sourcecode.c.objc; path = SLDownLoadModel.m; sourceTree = "<group>"; };
		71F44F2C1D531F7F00BF6DB0 /* SLDownLoadQueue.h */ = {isa = PBXFileReference; fileEncoding = 4; lastKnownFileType = sourcecode.c.h; path = SLDownLoadQueue.h; sourceTree = "<group>"; };
		71F44F2D1D531F7F00BF6DB0 /* SLDownLoadQueue.m */ = {isa = PBXFileReference; fileEncoding = 4; lastKnownFileType = sourcecode.c.objc; path = SLDownLoadQueue.m; sourceTree = "<group>"; };
		71F44F2E1D531F7F00BF6DB0 /* SLFileManager.h */ = {isa = PBXFileReference; fileEncoding = 4; lastKnownFileType = sourcecode.c.h; path = SLFileManager.h; sourceTree = "<group>"; };
		71F44F2F1D531F7F00BF6DB0 /* SLFileManager.m */ = {isa = PBXFileReference; fileEncoding = 4; lastKnownFileType = sourcecode.c.objc; path = SLFileManager.m; sourceTree = "<group>"; };
		71F44F301D531F7F00BF6DB0 /* SLSessionManager.h */ = {isa = PBXFileReference; fileEncoding = 4; lastKnownFileType = sourcecode.c.h; path = SLSessionManager.h; sourceTree = "<group>"; };
		71F44F311D531F7F00BF6DB0 /* SLSessionManager.m */ = {isa = PBXFileReference; fileEncoding = 4; lastKnownFileType = sourcecode.c.objc; path = SLSessionManager.m; sourceTree = "<group>"; };
		71F44F3A1D531FAB00BF6DB0 /* DownloadViewController.h */ = {isa = PBXFileReference; fileEncoding = 4; lastKnownFileType = sourcecode.c.h; path = DownloadViewController.h; sourceTree = "<group>"; };
		71F44F3B1D531FAB00BF6DB0 /* DownloadViewController.m */ = {isa = PBXFileReference; fileEncoding = 4; lastKnownFileType = sourcecode.c.objc; path = DownloadViewController.m; sourceTree = "<group>"; };
		71F44F3D1D531FF400BF6DB0 /* DownLoadingTableView.h */ = {isa = PBXFileReference; fileEncoding = 4; lastKnownFileType = sourcecode.c.h; path = DownLoadingTableView.h; sourceTree = "<group>"; };
		71F44F3E1D531FF400BF6DB0 /* DownLoadingTableView.m */ = {isa = PBXFileReference; fileEncoding = 4; lastKnownFileType = sourcecode.c.objc; path = DownLoadingTableView.m; sourceTree = "<group>"; };
		71F44F431D53228D00BF6DB0 /* DownLoadingTableViewCell.h */ = {isa = PBXFileReference; fileEncoding = 4; lastKnownFileType = sourcecode.c.h; path = DownLoadingTableViewCell.h; sourceTree = "<group>"; };
		71F44F441D53228D00BF6DB0 /* DownLoadingTableViewCell.m */ = {isa = PBXFileReference; fileEncoding = 4; lastKnownFileType = sourcecode.c.objc; path = DownLoadingTableViewCell.m; sourceTree = "<group>"; };
		7AD3976F7B1E10B78DCD06E7 /* Pods-SLMultiDownLoadManager.release.xcconfig */ = {isa = PBXFileReference; includeInIndex = 1; lastKnownFileType = text.xcconfig; name = "Pods-SLMultiDownLoadManager.release.xcconfig"; path = "Pods/Target Support Files/Pods-SLMultiDownLoadManager/Pods-SLMultiDownLoadManager.release.xcconfig"; sourceTree = "<group>"; };
		FFFA7ACF2DF17AF30D7E9E82 /* libPods-SLMultiDownLoadManager.a */ = {isa = PBXFileReference; explicitFileType = archive.ar; includeInIndex = 0; path = "libPods-SLMultiDownLoadManager.a"; sourceTree = BUILT_PRODUCTS_DIR; };
/* End PBXFileReference section */

/* Begin PBXFrameworksBuildPhase section */
		718279091D51DA6D009E5C86 /* Frameworks */ = {
			isa = PBXFrameworksBuildPhase;
			buildActionMask = 2147483647;
			files = (
				683E4BBED4D8D94C6BB13492 /* libPods-SLMultiDownLoadManager.a in Frameworks */,
			);
			runOnlyForDeploymentPostprocessing = 0;
		};
		718279221D51DA6D009E5C86 /* Frameworks */ = {
			isa = PBXFrameworksBuildPhase;
			buildActionMask = 2147483647;
			files = (
			);
			runOnlyForDeploymentPostprocessing = 0;
		};
		7182792D1D51DA6D009E5C86 /* Frameworks */ = {
			isa = PBXFrameworksBuildPhase;
			buildActionMask = 2147483647;
			files = (
			);
			runOnlyForDeploymentPostprocessing = 0;
		};
/* End PBXFrameworksBuildPhase section */

/* Begin PBXGroup section */
		1304A7012A485CAE54D31EAA /* Pods */ = {
			isa = PBXGroup;
			children = (
				061E4D78E85254152C72C857 /* Pods-SLMultiDownLoadManager.debug.xcconfig */,
				7AD3976F7B1E10B78DCD06E7 /* Pods-SLMultiDownLoadManager.release.xcconfig */,
			);
			name = Pods;
			sourceTree = "<group>";
		};
		718279031D51DA6D009E5C86 = {
			isa = PBXGroup;
			children = (
				7182790E1D51DA6D009E5C86 /* SLMultiDownLoadManager */,
				718279281D51DA6D009E5C86 /* SLMultiDownLoadManagerTests */,
				718279331D51DA6D009E5C86 /* SLMultiDownLoadManagerUITests */,
				7182790D1D51DA6D009E5C86 /* Products */,
				1304A7012A485CAE54D31EAA /* Pods */,
				96243DE0995CFA1F4BD2DBF3 /* Frameworks */,
			);
			sourceTree = "<group>";
		};
		7182790D1D51DA6D009E5C86 /* Products */ = {
			isa = PBXGroup;
			children = (
				7182790C1D51DA6D009E5C86 /* SLMultiDownLoadManager.app */,
				718279251D51DA6D009E5C86 /* SLMultiDownLoadManagerTests.xctest */,
				718279301D51DA6D009E5C86 /* SLMultiDownLoadManagerUITests.xctest */,
			);
			name = Products;
			sourceTree = "<group>";
		};
		7182790E1D51DA6D009E5C86 /* SLMultiDownLoadManager */ = {
			isa = PBXGroup;
			children = (
				71F432111D5425C900C7574C /* tmp.png */,
				718279421D51DB19009E5C86 /* SLMultiDownLoadManager */,
				718279121D51DA6D009E5C86 /* AppDelegate.h */,
				718279131D51DA6D009E5C86 /* AppDelegate.m */,
				718279151D51DA6D009E5C86 /* ViewController.h */,
				718279161D51DA6D009E5C86 /* ViewController.m */,
				71EE711D1D572AB30052EBA5 /* SLMultiDownLoad.gif */,
				718279181D51DA6D009E5C86 /* Main.storyboard */,
				7182791B1D51DA6D009E5C86 /* Assets.xcassets */,
				7182791D1D51DA6D009E5C86 /* LaunchScreen.storyboard */,
				718279201D51DA6D009E5C86 /* Info.plist */,
				7182790F1D51DA6D009E5C86 /* Supporting Files */,
			);
			path = SLMultiDownLoadManager;
			sourceTree = "<group>";
		};
		7182790F1D51DA6D009E5C86 /* Supporting Files */ = {
			isa = PBXGroup;
			children = (
				718279101D51DA6D009E5C86 /* main.m */,
			);
			name = "Supporting Files";
			sourceTree = "<group>";
		};
		718279281D51DA6D009E5C86 /* SLMultiDownLoadManagerTests */ = {
			isa = PBXGroup;
			children = (
				718279291D51DA6D009E5C86 /* SLMultiDownLoadManagerTests.m */,
				7182792B1D51DA6D009E5C86 /* Info.plist */,
			);
			path = SLMultiDownLoadManagerTests;
			sourceTree = "<group>";
		};
		718279331D51DA6D009E5C86 /* SLMultiDownLoadManagerUITests */ = {
			isa = PBXGroup;
			children = (
				718279341D51DA6D009E5C86 /* SLMultiDownLoadManagerUITests.m */,
				718279361D51DA6D009E5C86 /* Info.plist */,
			);
			path = SLMultiDownLoadManagerUITests;
			sourceTree = "<group>";
		};
		718279421D51DB19009E5C86 /* SLMultiDownLoadManager */ = {
			isa = PBXGroup;
			children = (
				71F44F281D531F7F00BF6DB0 /* DownloadManager */,
				71F44F321D531F7F00BF6DB0 /* UI */,
			);
			path = SLMultiDownLoadManager;
			sourceTree = "<group>";
		};
		71F44F281D531F7F00BF6DB0 /* DownloadManager */ = {
			isa = PBXGroup;
			children = (
				71F44F291D531F7F00BF6DB0 /* DownLoadHeader.h */,
				71F44F2A1D531F7F00BF6DB0 /* SLDownLoadModel.h */,
				71F44F2B1D531F7F00BF6DB0 /* SLDownLoadModel.m */,
				71F44F2C1D531F7F00BF6DB0 /* SLDownLoadQueue.h */,
				71F44F2D1D531F7F00BF6DB0 /* SLDownLoadQueue.m */,
				71F44F2E1D531F7F00BF6DB0 /* SLFileManager.h */,
				71F44F2F1D531F7F00BF6DB0 /* SLFileManager.m */,
				71F44F301D531F7F00BF6DB0 /* SLSessionManager.h */,
				71F44F311D531F7F00BF6DB0 /* SLSessionManager.m */,
				7124D30B1D5C8E170054EC0B /* DownLoadTools.h */,
				7124D30C1D5C8E170054EC0B /* DownLoadTools.m */,
			);
			path = DownloadManager;
			sourceTree = "<group>";
		};
		71F44F321D531F7F00BF6DB0 /* UI */ = {
			isa = PBXGroup;
			children = (
				71F44F331D531F7F00BF6DB0 /* Controller */,
				71F44F341D531F7F00BF6DB0 /* Model */,
				71F44F351D531F7F00BF6DB0 /* View */,
			);
			path = UI;
			sourceTree = "<group>";
		};
		71F44F331D531F7F00BF6DB0 /* Controller */ = {
			isa = PBXGroup;
			children = (
				71F44F3A1D531FAB00BF6DB0 /* DownloadViewController.h */,
				71F44F3B1D531FAB00BF6DB0 /* DownloadViewController.m */,
			);
			path = Controller;
			sourceTree = "<group>";
		};
		71F44F341D531F7F00BF6DB0 /* Model */ = {
			isa = PBXGroup;
			children = (
			);
			path = Model;
			sourceTree = "<group>";
		};
		71F44F351D531F7F00BF6DB0 /* View */ = {
			isa = PBXGroup;
			children = (
				71F44F3D1D531FF400BF6DB0 /* DownLoadingTableView.h */,
				71F44F3E1D531FF400BF6DB0 /* DownLoadingTableView.m */,
				71F44F431D53228D00BF6DB0 /* DownLoadingTableViewCell.h */,
				71F44F441D53228D00BF6DB0 /* DownLoadingTableViewCell.m */,
			);
			path = View;
			sourceTree = "<group>";
		};
		96243DE0995CFA1F4BD2DBF3 /* Frameworks */ = {
			isa = PBXGroup;
			children = (
				FFFA7ACF2DF17AF30D7E9E82 /* libPods-SLMultiDownLoadManager.a */,
			);
			name = Frameworks;
			sourceTree = "<group>";
		};
/* End PBXGroup section */

/* Begin PBXNativeTarget section */
		7182790B1D51DA6D009E5C86 /* SLMultiDownLoadManager */ = {
			isa = PBXNativeTarget;
			buildConfigurationList = 718279391D51DA6D009E5C86 /* Build configuration list for PBXNativeTarget "SLMultiDownLoadManager" */;
			buildPhases = (
				73A5F5DBAE5EC03A821D7E72 /* [CP] Check Pods Manifest.lock */,
				718279081D51DA6D009E5C86 /* Sources */,
				718279091D51DA6D009E5C86 /* Frameworks */,
				7182790A1D51DA6D009E5C86 /* Resources */,
				AA8B5DD188F53C3D7F257D99 /* [CP] Embed Pods Frameworks */,
				E2D3C4E38F0B9551829FD57C /* [CP] Copy Pods Resources */,
			);
			buildRules = (
			);
			dependencies = (
			);
			name = SLMultiDownLoadManager;
			productName = SLMultiDownLoadManager;
			productReference = 7182790C1D51DA6D009E5C86 /* SLMultiDownLoadManager.app */;
			productType = "com.apple.product-type.application";
		};
		718279241D51DA6D009E5C86 /* SLMultiDownLoadManagerTests */ = {
			isa = PBXNativeTarget;
			buildConfigurationList = 7182793C1D51DA6D009E5C86 /* Build configuration list for PBXNativeTarget "SLMultiDownLoadManagerTests" */;
			buildPhases = (
				718279211D51DA6D009E5C86 /* Sources */,
				718279221D51DA6D009E5C86 /* Frameworks */,
				718279231D51DA6D009E5C86 /* Resources */,
			);
			buildRules = (
			);
			dependencies = (
				718279271D51DA6D009E5C86 /* PBXTargetDependency */,
			);
			name = SLMultiDownLoadManagerTests;
			productName = SLMultiDownLoadManagerTests;
			productReference = 718279251D51DA6D009E5C86 /* SLMultiDownLoadManagerTests.xctest */;
			productType = "com.apple.product-type.bundle.unit-test";
		};
		7182792F1D51DA6D009E5C86 /* SLMultiDownLoadManagerUITests */ = {
			isa = PBXNativeTarget;
			buildConfigurationList = 7182793F1D51DA6D009E5C86 /* Build configuration list for PBXNativeTarget "SLMultiDownLoadManagerUITests" */;
			buildPhases = (
				7182792C1D51DA6D009E5C86 /* Sources */,
				7182792D1D51DA6D009E5C86 /* Frameworks */,
				7182792E1D51DA6D009E5C86 /* Resources */,
			);
			buildRules = (
			);
			dependencies = (
				718279321D51DA6D009E5C86 /* PBXTargetDependency */,
			);
			name = SLMultiDownLoadManagerUITests;
			productName = SLMultiDownLoadManagerUITests;
			productReference = 718279301D51DA6D009E5C86 /* SLMultiDownLoadManagerUITests.xctest */;
			productType = "com.apple.product-type.bundle.ui-testing";
		};
/* End PBXNativeTarget section */

/* Begin PBXProject section */
		718279041D51DA6D009E5C86 /* Project object */ = {
			isa = PBXProject;
			attributes = {
				LastUpgradeCheck = 0730;
				ORGANIZATIONNAME = sunlei;
				TargetAttributes = {
					7182790B1D51DA6D009E5C86 = {
						CreatedOnToolsVersion = 7.3;
						DevelopmentTeam = 329ZYF9D22;
						SystemCapabilities = {
							com.apple.BackgroundModes = {
								enabled = 0;
							};
						};
					};
					718279241D51DA6D009E5C86 = {
						CreatedOnToolsVersion = 7.3;
						TestTargetID = 7182790B1D51DA6D009E5C86;
					};
					7182792F1D51DA6D009E5C86 = {
						CreatedOnToolsVersion = 7.3;
						TestTargetID = 7182790B1D51DA6D009E5C86;
					};
				};
			};
			buildConfigurationList = 718279071D51DA6D009E5C86 /* Build configuration list for PBXProject "SLMultiDownLoadManager" */;
			compatibilityVersion = "Xcode 3.2";
			developmentRegion = English;
			hasScannedForEncodings = 0;
			knownRegions = (
				en,
				Base,
			);
			mainGroup = 718279031D51DA6D009E5C86;
			productRefGroup = 7182790D1D51DA6D009E5C86 /* Products */;
			projectDirPath = "";
			projectRoot = "";
			targets = (
				7182790B1D51DA6D009E5C86 /* SLMultiDownLoadManager */,
				718279241D51DA6D009E5C86 /* SLMultiDownLoadManagerTests */,
				7182792F1D51DA6D009E5C86 /* SLMultiDownLoadManagerUITests */,
			);
		};
/* End PBXProject section */

/* Begin PBXResourcesBuildPhase section */
		7182790A1D51DA6D009E5C86 /* Resources */ = {
			isa = PBXResourcesBuildPhase;
			buildActionMask = 2147483647;
			files = (
				7182791F1D51DA6D009E5C86 /* LaunchScreen.storyboard in Resources */,
				7182791C1D51DA6D009E5C86 /* Assets.xcassets in Resources */,
				71EE711E1D572AB30052EBA5 /* SLMultiDownLoad.gif in Resources */,
				7182791A1D51DA6D009E5C86 /* Main.storyboard in Resources */,
				71F432121D5425C900C7574C /* tmp.png in Resources */,
			);
			runOnlyForDeploymentPostprocessing = 0;
		};
		718279231D51DA6D009E5C86 /* Resources */ = {
			isa = PBXResourcesBuildPhase;
			buildActionMask = 2147483647;
			files = (
			);
			runOnlyForDeploymentPostprocessing = 0;
		};
		7182792E1D51DA6D009E5C86 /* Resources */ = {
			isa = PBXResourcesBuildPhase;
			buildActionMask = 2147483647;
			files = (
			);
			runOnlyForDeploymentPostprocessing = 0;
		};
/* End PBXResourcesBuildPhase section */

/* Begin PBXShellScriptBuildPhase section */
		73A5F5DBAE5EC03A821D7E72 /* [CP] Check Pods Manifest.lock */ = {
			isa = PBXShellScriptBuildPhase;
			buildActionMask = 2147483647;
			files = (
			);
			inputPaths = (
			);
			name = "[CP] Check Pods Manifest.lock";
			outputPaths = (
			);
			runOnlyForDeploymentPostprocessing = 0;
			shellPath = /bin/sh;
			shellScript = "diff \"${PODS_ROOT}/../Podfile.lock\" \"${PODS_ROOT}/Manifest.lock\" > /dev/null\nif [[ $? != 0 ]] ; then\n    cat << EOM\nerror: The sandbox is not in sync with the Podfile.lock. Run 'pod install' or update your CocoaPods installation.\nEOM\n    exit 1\nfi\n";
			showEnvVarsInLog = 0;
		};
		AA8B5DD188F53C3D7F257D99 /* [CP] Embed Pods Frameworks */ = {
			isa = PBXShellScriptBuildPhase;
			buildActionMask = 2147483647;
			files = (
			);
			inputPaths = (
			);
			name = "[CP] Embed Pods Frameworks";
			outputPaths = (
			);
			runOnlyForDeploymentPostprocessing = 0;
			shellPath = /bin/sh;
			shellScript = "\"${SRCROOT}/Pods/Target Support Files/Pods-SLMultiDownLoadManager/Pods-SLMultiDownLoadManager-frameworks.sh\"\n";
			showEnvVarsInLog = 0;
		};
		E2D3C4E38F0B9551829FD57C /* [CP] Copy Pods Resources */ = {
			isa = PBXShellScriptBuildPhase;
			buildActionMask = 2147483647;
			files = (
			);
			inputPaths = (
			);
			name = "[CP] Copy Pods Resources";
			outputPaths = (
			);
			runOnlyForDeploymentPostprocessing = 0;
			shellPath = /bin/sh;
			shellScript = "\"${SRCROOT}/Pods/Target Support Files/Pods-SLMultiDownLoadManager/Pods-SLMultiDownLoadManager-resources.sh\"\n";
			showEnvVarsInLog = 0;
		};
/* End PBXShellScriptBuildPhase section */

/* Begin PBXSourcesBuildPhase section */
		718279081D51DA6D009E5C86 /* Sources */ = {
			isa = PBXSourcesBuildPhase;
			buildActionMask = 2147483647;
			files = (
				71F44F391D531F7F00BF6DB0 /* SLSessionManager.m in Sources */,
				71F44F451D53228D00BF6DB0 /* DownLoadingTableViewCell.m in Sources */,
				71F44F381D531F7F00BF6DB0 /* SLFileManager.m in Sources */,
				71F44F3C1D531FAB00BF6DB0 /* DownloadViewController.m in Sources */,
				71F44F361D531F7F00BF6DB0 /* SLDownLoadModel.m in Sources */,
				71F44F3F1D531FF400BF6DB0 /* DownLoadingTableView.m in Sources */,
				718279171D51DA6D009E5C86 /* ViewController.m in Sources */,
				7124D30D1D5C8E170054EC0B /* DownLoadTools.m in Sources */,
				71F44F371D531F7F00BF6DB0 /* SLDownLoadQueue.m in Sources */,
				718279141D51DA6D009E5C86 /* AppDelegate.m in Sources */,
				718279111D51DA6D009E5C86 /* main.m in Sources */,
			);
			runOnlyForDeploymentPostprocessing = 0;
		};
		718279211D51DA6D009E5C86 /* Sources */ = {
			isa = PBXSourcesBuildPhase;
			buildActionMask = 2147483647;
			files = (
				7182792A1D51DA6D009E5C86 /* SLMultiDownLoadManagerTests.m in Sources */,
			);
			runOnlyForDeploymentPostprocessing = 0;
		};
		7182792C1D51DA6D009E5C86 /* Sources */ = {
			isa = PBXSourcesBuildPhase;
			buildActionMask = 2147483647;
			files = (
				718279351D51DA6D009E5C86 /* SLMultiDownLoadManagerUITests.m in Sources */,
			);
			runOnlyForDeploymentPostprocessing = 0;
		};
/* End PBXSourcesBuildPhase section */

/* Begin PBXTargetDependency section */
		718279271D51DA6D009E5C86 /* PBXTargetDependency */ = {
			isa = PBXTargetDependency;
			target = 7182790B1D51DA6D009E5C86 /* SLMultiDownLoadManager */;
			targetProxy = 718279261D51DA6D009E5C86 /* PBXContainerItemProxy */;
		};
		718279321D51DA6D009E5C86 /* PBXTargetDependency */ = {
			isa = PBXTargetDependency;
			target = 7182790B1D51DA6D009E5C86 /* SLMultiDownLoadManager */;
			targetProxy = 718279311D51DA6D009E5C86 /* PBXContainerItemProxy */;
		};
/* End PBXTargetDependency section */

/* Begin PBXVariantGroup section */
		718279181D51DA6D009E5C86 /* Main.storyboard */ = {
			isa = PBXVariantGroup;
			children = (
				718279191D51DA6D009E5C86 /* Base */,
			);
			name = Main.storyboard;
			sourceTree = "<group>";
		};
		7182791D1D51DA6D009E5C86 /* LaunchScreen.storyboard */ = {
			isa = PBXVariantGroup;
			children = (
				7182791E1D51DA6D009E5C86 /* Base */,
			);
			name = LaunchScreen.storyboard;
			sourceTree = "<group>";
		};
/* End PBXVariantGroup section */

/* Begin XCBuildConfiguration section */
		718279371D51DA6D009E5C86 /* Debug */ = {
			isa = XCBuildConfiguration;
			buildSettings = {
				ALWAYS_SEARCH_USER_PATHS = NO;
				CLANG_ANALYZER_NONNULL = YES;
				CLANG_CXX_LANGUAGE_STANDARD = "gnu++0x";
				CLANG_CXX_LIBRARY = "libc++";
				CLANG_ENABLE_MODULES = YES;
				CLANG_ENABLE_OBJC_ARC = YES;
				CLANG_WARN_BOOL_CONVERSION = YES;
				CLANG_WARN_CONSTANT_CONVERSION = YES;
				CLANG_WARN_DIRECT_OBJC_ISA_USAGE = YES_ERROR;
				CLANG_WARN_EMPTY_BODY = YES;
				CLANG_WARN_ENUM_CONVERSION = YES;
				CLANG_WARN_INT_CONVERSION = YES;
				CLANG_WARN_OBJC_ROOT_CLASS = YES_ERROR;
				CLANG_WARN_UNREACHABLE_CODE = YES;
				CLANG_WARN__DUPLICATE_METHOD_MATCH = YES;
				"CODE_SIGN_IDENTITY[sdk=iphoneos*]" = "iPhone Developer";
				COPY_PHASE_STRIP = NO;
				DEBUG_INFORMATION_FORMAT = dwarf;
				ENABLE_STRICT_OBJC_MSGSEND = YES;
				ENABLE_TESTABILITY = YES;
				GCC_C_LANGUAGE_STANDARD = gnu99;
				GCC_DYNAMIC_NO_PIC = NO;
				GCC_NO_COMMON_BLOCKS = YES;
				GCC_OPTIMIZATION_LEVEL = 0;
				GCC_PREPROCESSOR_DEFINITIONS = (
					"DEBUG=1",
					"$(inherited)",
				);
				GCC_WARN_64_TO_32_BIT_CONVERSION = YES;
				GCC_WARN_ABOUT_RETURN_TYPE = YES_ERROR;
				GCC_WARN_UNDECLARED_SELECTOR = YES;
				GCC_WARN_UNINITIALIZED_AUTOS = YES_AGGRESSIVE;
				GCC_WARN_UNUSED_FUNCTION = YES;
				GCC_WARN_UNUSED_VARIABLE = YES;
				IPHONEOS_DEPLOYMENT_TARGET = 9.3;
				MTL_ENABLE_DEBUG_INFO = YES;
				ONLY_ACTIVE_ARCH = YES;
				SDKROOT = iphoneos;
				TARGETED_DEVICE_FAMILY = "1,2";
			};
			name = Debug;
		};
		718279381D51DA6D009E5C86 /* Release */ = {
			isa = XCBuildConfiguration;
			buildSettings = {
				ALWAYS_SEARCH_USER_PATHS = NO;
				CLANG_ANALYZER_NONNULL = YES;
				CLANG_CXX_LANGUAGE_STANDARD = "gnu++0x";
				CLANG_CXX_LIBRARY = "libc++";
				CLANG_ENABLE_MODULES = YES;
				CLANG_ENABLE_OBJC_ARC = YES;
				CLANG_WARN_BOOL_CONVERSION = YES;
				CLANG_WARN_CONSTANT_CONVERSION = YES;
				CLANG_WARN_DIRECT_OBJC_ISA_USAGE = YES_ERROR;
				CLANG_WARN_EMPTY_BODY = YES;
				CLANG_WARN_ENUM_CONVERSION = YES;
				CLANG_WARN_INT_CONVERSION = YES;
				CLANG_WARN_OBJC_ROOT_CLASS = YES_ERROR;
				CLANG_WARN_UNREACHABLE_CODE = YES;
				CLANG_WARN__DUPLICATE_METHOD_MATCH = YES;
				"CODE_SIGN_IDENTITY[sdk=iphoneos*]" = "iPhone Developer";
				COPY_PHASE_STRIP = NO;
				DEBUG_INFORMATION_FORMAT = "dwarf-with-dsym";
				ENABLE_NS_ASSERTIONS = NO;
				ENABLE_STRICT_OBJC_MSGSEND = YES;
				GCC_C_LANGUAGE_STANDARD = gnu99;
				GCC_NO_COMMON_BLOCKS = YES;
				GCC_WARN_64_TO_32_BIT_CONVERSION = YES;
				GCC_WARN_ABOUT_RETURN_TYPE = YES_ERROR;
				GCC_WARN_UNDECLARED_SELECTOR = YES;
				GCC_WARN_UNINITIALIZED_AUTOS = YES_AGGRESSIVE;
				GCC_WARN_UNUSED_FUNCTION = YES;
				GCC_WARN_UNUSED_VARIABLE = YES;
				IPHONEOS_DEPLOYMENT_TARGET = 9.3;
				MTL_ENABLE_DEBUG_INFO = NO;
				SDKROOT = iphoneos;
				TARGETED_DEVICE_FAMILY = "1,2";
				VALIDATE_PRODUCT = YES;
			};
			name = Release;
		};
		7182793A1D51DA6D009E5C86 /* Debug */ = {
			isa = XCBuildConfiguration;
			baseConfigurationReference = 061E4D78E85254152C72C857 /* Pods-SLMultiDownLoadManager.debug.xcconfig */;
			buildSettings = {
				ASSETCATALOG_COMPILER_APPICON_NAME = AppIcon;
				CODE_SIGN_IDENTITY = "iPhone Developer";
				"CODE_SIGN_IDENTITY[sdk=iphoneos*]" = "iPhone Developer";
				INFOPLIST_FILE = SLMultiDownLoadManager/Info.plist;
				IPHONEOS_DEPLOYMENT_TARGET = 8.0;
				LD_RUNPATH_SEARCH_PATHS = "$(inherited) @executable_path/Frameworks";
				PRODUCT_BUNDLE_IDENTIFIER = sunlei.SLMultiDownLoadManager;
				PRODUCT_NAME = "$(TARGET_NAME)";
				PROVISIONING_PROFILE = "";
			};
			name = Debug;
		};
		7182793B1D51DA6D009E5C86 /* Release */ = {
			isa = XCBuildConfiguration;
			baseConfigurationReference = 7AD3976F7B1E10B78DCD06E7 /* Pods-SLMultiDownLoadManager.release.xcconfig */;
			buildSettings = {
				ASSETCATALOG_COMPILER_APPICON_NAME = AppIcon;
				CODE_SIGN_IDENTITY = "iPhone Developer";
				"CODE_SIGN_IDENTITY[sdk=iphoneos*]" = "iPhone Developer";
				INFOPLIST_FILE = SLMultiDownLoadManager/Info.plist;
				IPHONEOS_DEPLOYMENT_TARGET = 8.0;
				LD_RUNPATH_SEARCH_PATHS = "$(inherited) @executable_path/Frameworks";
				PRODUCT_BUNDLE_IDENTIFIER = sunlei.SLMultiDownLoadManager;
				PRODUCT_NAME = "$(TARGET_NAME)";
				PROVISIONING_PROFILE = "";
			};
			name = Release;
		};
		7182793D1D51DA6D009E5C86 /* Debug */ = {
			isa = XCBuildConfiguration;
			buildSettings = {
				BUNDLE_LOADER = "$(TEST_HOST)";
				INFOPLIST_FILE = SLMultiDownLoadManagerTests/Info.plist;
				LD_RUNPATH_SEARCH_PATHS = "$(inherited) @executable_path/Frameworks @loader_path/Frameworks";
				PRODUCT_BUNDLE_IDENTIFIER = sunlei.SLMultiDownLoadManagerTests;
				PRODUCT_NAME = "$(TARGET_NAME)";
				TEST_HOST = "$(BUILT_PRODUCTS_DIR)/SLMultiDownLoadManager.app/SLMultiDownLoadManager";
			};
			name = Debug;
		};
		7182793E1D51DA6D009E5C86 /* Release */ = {
			isa = XCBuildConfiguration;
			buildSettings = {
				BUNDLE_LOADER = "$(TEST_HOST)";
				INFOPLIST_FILE = SLMultiDownLoadManagerTests/Info.plist;
				LD_RUNPATH_SEARCH_PATHS = "$(inherited) @executable_path/Frameworks @loader_path/Frameworks";
				PRODUCT_BUNDLE_IDENTIFIER = sunlei.SLMultiDownLoadManagerTests;
				PRODUCT_NAME = "$(TARGET_NAME)";
				TEST_HOST = "$(BUILT_PRODUCTS_DIR)/SLMultiDownLoadManager.app/SLMultiDownLoadManager";
			};
			name = Release;
		};
		718279401D51DA6D009E5C86 /* Debug */ = {
			isa = XCBuildConfiguration;
			buildSettings = {
				INFOPLIST_FILE = SLMultiDownLoadManagerUITests/Info.plist;
				LD_RUNPATH_SEARCH_PATHS = "$(inherited) @executable_path/Frameworks @loader_path/Frameworks";
				PRODUCT_BUNDLE_IDENTIFIER = sunlei.SLMultiDownLoadManagerUITests;
				PRODUCT_NAME = "$(TARGET_NAME)";
				TEST_TARGET_NAME = SLMultiDownLoadManager;
			};
			name = Debug;
		};
		718279411D51DA6D009E5C86 /* Release */ = {
			isa = XCBuildConfiguration;
			buildSettings = {
				INFOPLIST_FILE = SLMultiDownLoadManagerUITests/Info.plist;
				LD_RUNPATH_SEARCH_PATHS = "$(inherited) @executable_path/Frameworks @loader_path/Frameworks";
				PRODUCT_BUNDLE_IDENTIFIER = sunlei.SLMultiDownLoadManagerUITests;
				PRODUCT_NAME = "$(TARGET_NAME)";
				TEST_TARGET_NAME = SLMultiDownLoadManager;
			};
			name = Release;
		};
/* End XCBuildConfiguration section */

/* Begin XCConfigurationList section */
		718279071D51DA6D009E5C86 /* Build configuration list for PBXProject "SLMultiDownLoadManager" */ = {
			isa = XCConfigurationList;
			buildConfigurations = (
				718279371D51DA6D009E5C86 /* Debug */,
				718279381D51DA6D009E5C86 /* Release */,
			);
			defaultConfigurationIsVisible = 0;
			defaultConfigurationName = Release;
		};
		718279391D51DA6D009E5C86 /* Build configuration list for PBXNativeTarget "SLMultiDownLoadManager" */ = {
			isa = XCConfigurationList;
			buildConfigurations = (
				7182793A1D51DA6D009E5C86 /* Debug */,
				7182793B1D51DA6D009E5C86 /* Release */,
			);
			defaultConfigurationIsVisible = 0;
			defaultConfigurationName = Release;
		};
		7182793C1D51DA6D009E5C86 /* Build configuration list for PBXNativeTarget "SLMultiDownLoadManagerTests" */ = {
			isa = XCConfigurationList;
			buildConfigurations = (
				7182793D1D51DA6D009E5C86 /* Debug */,
				7182793E1D51DA6D009E5C86 /* Release */,
			);
			defaultConfigurationIsVisible = 0;
			defaultConfigurationName = Release;
		};
		7182793F1D51DA6D009E5C86 /* Build configuration list for PBXNativeTarget "SLMultiDownLoadManagerUITests" */ = {
			isa = XCConfigurationList;
			buildConfigurations = (
				718279401D51DA6D009E5C86 /* Debug */,
				718279411D51DA6D009E5C86 /* Release */,
			);
			defaultConfigurationIsVisible = 0;
			defaultConfigurationName = Release;
		};
/* End XCConfigurationList section */
	};
	rootObject = 718279041D51DA6D009E5C86 /* Project object */;
}
